
Microsoft Visual Studio Solution File, Format Version 12.00
# Visual Studio Version 17
VisualStudioVersion = 17.6.33723.286
MinimumVisualStudioVersion = 10.0.40219.1
Project("{FAE04EC0-301F-11D3-BF4B-00C04F79EFBC}") = "Homework", "WindowsForms\Homework.csproj", "{EC1A476E-7F42-48AA-BE0E-3E0131BBF5E3}"
EndProject
Global
	GlobalSection(SolutionConfigurationPlatforms) = preSolution
		Debug|Any CPU = Debug|Any CPU
		Release|Any CPU = Release|Any CPU
	EndGlobalSection
	GlobalSection(ProjectConfigurationPlatforms) = postSolution
		{EC1A476E-7F42-48AA-BE0E-3E0131BBF5E3}.Debug|Any CPU.ActiveCfg = Debug|Any CPU
		{EC1A476E-7F42-48AA-BE0E-3E0131BBF5E3}.Debug|Any CPU.Build.0 = Debug|Any CPU
		{EC1A476E-7F42-48AA-BE0E-3E0131BBF5E3}.Release|Any CPU.ActiveCfg = Release|Any CPU
		{EC1A476E-7F42-48AA-BE0E-3E0131BBF5E3}.Release|Any CPU.Build.0 = Release|Any CPU
	EndGlobalSection
	GlobalSection(SolutionProperties) = preSolution
		HideSolutionNode = FALSE
	EndGlobalSection
	GlobalSection(ExtensibilityGlobals) = postSolution
		SolutionGuid = {6616FF81-0663-44B8-A73B-3CFFCFC923E9}
	EndGlobalSection
EndGlobal
